{
  "name": "@hdyniu/gi",
  "version": "1.0.0",
  "lockfileVersion": 2,
  "requires": true,
  "packages": {
    "": {
      "name": "@hdyniu/gi",
      "version": "1.0.0",
      "license": "MIT",
      "bin": {
        "gc": "bin/index.js",
        "gcb": "bin/index.js",
        "gcl": "bin/index.js",
        "gco": "bin/index.js",
        "gm": "bin/index.js",
        "gp": "bin/index.js",
        "gpu": "bin/index.js"
      },
      "devDependencies": {}
    }
  }
}
